{
  "version": 4,
  "terraform_version": "1.6.2",
  "serial": 12,
  "lineage": "75304ba9-9ac2-fb62-29d7-acc3509d81e4",
  "outputs": {},
  "resources": [
    {
      "mode": "managed",
      "type": "google_composer_environment",
      "name": "vhm-composer-datamart",
      "provider": "provider[\"registry.terraform.io/hashicorp/google\"]",
      "instances": [
        {
          "status": "tainted",
          "schema_version": 0,
          "attributes": {
            "config": [
              {
                "airflow_uri": "",
                "dag_gcs_prefix": "",
                "database_config": [],
                "encryption_config": [],
                "environment_size": "ENVIRONMENT_SIZE_MEDIUM",
                "gke_cluster": "",
                "maintenance_window": [],
                "master_authorized_networks_config": [],
                "node_config": [
                  {
                    "disk_size_gb": 0,
                    "enable_ip_masq_agent": true,
                    "ip_allocation_policy": [
                      {
                        "cluster_ipv4_cidr_block": "",
                        "cluster_secondary_range_name": "vhm-secondary-pod",
                        "services_ipv4_cidr_block": "",
                        "services_secondary_range_name": "vhm-secondary-service",
                        "use_ip_aliases": false
                      }
                    ],
                    "machine_type": "",
                    "network": "projects/vhm-dataops-prod/global/networks/vhm-network-prd",
                    "oauth_scopes": [],
                    "service_account": "vhm-etl-data@vhm-dataops-prod.iam.gserviceaccount.com",
                    "subnetwork": "projects/vhm-dataops-prod/regions/asia-southeast1/subnetworks/vhm-primary-subnet",
                    "tags": null,
                    "zone": ""
                  }
                ],
                "node_count": 0,
                "private_environment_config": [
                  {
                    "cloud_composer_connection_subnetwork": "",
                    "cloud_composer_network_ipv4_cidr_block": "",
                    "cloud_sql_ipv4_cidr_block": "",
                    "connection_type": "",
                    "enable_private_endpoint": true,
                    "enable_privately_used_public_ips": false,
                    "master_ipv4_cidr_block": "",
                    "web_server_ipv4_cidr_block": ""
                  }
                ],
                "recovery_config": [],
                "resilience_mode": "",
                "software_config": [
                  {
                    "airflow_config_overrides": {
                      "core-airflow_home": "/home/airflow/gcs"
                    },
                    "env_variables": null,
                    "image_version": "composer-2.6.2-airflow-2.6.3",
                    "pypi_packages": {
                      "airflow-dbt": "",
                      "catboost": "",
                      "dbt-bigquery": "",
                      "dbt-core": "",
                      "decorator": "",
                      "facebook-business": "",
                      "fastparquet": "",
                      "fsspec": "",
                      "gcsfs": "",
                      "google-ads": "",
                      "hdbcli": "",
                      "joblib": "",
                      "jsonschema": "",
                      "lightgbm": "",
                      "numpy": "",
                      "office365_rest_python_client": "",
                      "openpyxl": "",
                      "pickle5": "",
                      "pycryptodomex": "",
                      "pymsteams": "",
                      "pyodbc": "",
                      "pysftp": "",
                      "python-dotenv": "",
                      "scikit-learn": "",
                      "scipy": "",
                      "shareplum": "",
                      "simple_salesforce": "",
                      "tqdm": "",
                      "unidecode": "",
                      "xlrd": ""
                    },
                    "python_version": "",
                    "scheduler_count": 0
                  }
                ],
                "web_server_config": [],
                "web_server_network_access_control": [],
                "workloads_config": []
              }
            ],
            "effective_labels": {
              "environment_name": "vhm-composer-environment",
              "owner": "vhm"
            },
            "id": "projects/vhm-dataops-prod/locations/asia-southeast1/environments/vhm-composer-datamart",
            "labels": {
              "environment_name": "vhm-composer-environment",
              "owner": "vhm"
            },
            "name": "vhm-composer-datamart",
            "project": "vhm-dataops-prod",
            "region": "asia-southeast1",
            "storage_config": null,
            "terraform_labels": {
              "environment_name": "vhm-composer-environment",
              "owner": "vhm"
            },
            "timeouts": null
          },
          "sensitive_attributes": [],
          "private": "eyJlMmJmYjczMC1lY2FhLTExZTYtOGY4OC0zNDM2M2JjN2M0YzAiOnsiY3JlYXRlIjo3MjAwMDAwMDAwMDAwLCJkZWxldGUiOjE4MDAwMDAwMDAwMDAsInVwZGF0ZSI6NzIwMDAwMDAwMDAwMH19"
        }
      ]
    }
  ],
  "check_results": null
}
